
Microsoft Visual Studio Solution File, Format Version 12.00
# Visual Studio Version 17
VisualStudioVersion = 17.3.32819.101
MinimumVisualStudioVersion = 10.0.40219.1
Project("{8BC9CEB8-8B4A-11D0-8D11-00A0C91BC942}") = "Step11", "Step11\Step11.vcxproj", "{4A7A3C11-E41E-498F-9C32-54C8AC09312E}"
EndProject
Global
	GlobalSection(SolutionConfigurationPlatforms) = preSolution
		Debug|x64 = Debug|x64
		Debug|x86 = Debug|x86
		Release|x64 = Release|x64
		Release|x86 = Release|x86
	EndGlobalSection
	GlobalSection(ProjectConfigurationPlatforms) = postSolution
		{4A7A3C11-E41E-498F-9C32-54C8AC09312E}.Debug|x64.ActiveCfg = Debug|x64
		{4A7A3C11-E41E-498F-9C32-54C8AC09312E}.Debug|x64.Build.0 = Debug|x64
		{4A7A3C11-E41E-498F-9C32-54C8AC09312E}.Debug|x86.ActiveCfg = Debug|Win32
		{4A7A3C11-E41E-498F-9C32-54C8AC09312E}.Debug|x86.Build.0 = Debug|Win32
		{4A7A3C11-E41E-498F-9C32-54C8AC09312E}.Release|x64.ActiveCfg = Release|x64
		{4A7A3C11-E41E-498F-9C32-54C8AC09312E}.Release|x64.Build.0 = Release|x64
		{4A7A3C11-E41E-498F-9C32-54C8AC09312E}.Release|x86.ActiveCfg = Release|Win32
		{4A7A3C11-E41E-498F-9C32-54C8AC09312E}.Release|x86.Build.0 = Release|Win32
	EndGlobalSection
	GlobalSection(SolutionProperties) = preSolution
		HideSolutionNode = FALSE
	EndGlobalSection
	GlobalSection(ExtensibilityGlobals) = postSolution
		SolutionGuid = {31E4EBDD-248C-4D68-9F12-4773A4D77B3C}
	EndGlobalSection
EndGlobal
